
Microsoft Visual Studio Solution File, Format Version 12.00
# Visual Studio Version 17
VisualStudioVersion = 17.4.33213.308
MinimumVisualStudioVersion = 10.0.40219.1
Project("{2150E333-8FDC-42A3-9474-1A3956D46DE8}") = "Solution Items", "Solution Items", "{699B336E-024B-43DB-95E2-A6E5F0647EF9}"
	ProjectSection(SolutionItems) = preProject
		.editorconfig = .editorconfig
		.gitignore = .gitignore
	EndProjectSection
EndProject
Project("{54A90642-561A-4BB1-A94E-469ADEE60C69}") = "WebUI", "WebUI\WebUI.esproj", "{EFDA06BF-71BD-4C1F-8257-3DB277E09A7B}"
EndProject
Project("{9A19103F-16F7-4668-BE54-9A1E7A4F7556}") = "WebAPI", "WebAPI\WebAPI.csproj", "{6C27726D-5EFC-423D-A13B-FBAE16893EA5}"
EndProject
Project("{2150E333-8FDC-42A3-9474-1A3956D46DE8}") = "src", "src", "{E869AFCA-4AC0-4B81-99B6-738E7BA25E64}"
EndProject
Project("{9A19103F-16F7-4668-BE54-9A1E7A4F7556}") = "Application", "Application\Application.csproj", "{AAF125D0-D1A7-4F02-98BE-4FAC1F4163FE}"
EndProject
Project("{9A19103F-16F7-4668-BE54-9A1E7A4F7556}") = "Domain", "Domain\Domain.csproj", "{018AF44A-DD2B-4DCA-AD91-4C29AFFD07D8}"
EndProject
Project("{9A19103F-16F7-4668-BE54-9A1E7A4F7556}") = "Infrastructure", "Infrastructure\Infrastructure.csproj", "{5D03672D-E72B-4C43-BC14-89539341BAD6}"
EndProject
Project("{2150E333-8FDC-42A3-9474-1A3956D46DE8}") = "Presentation", "Presentation", "{CD2369F7-494F-4144-91A4-3FAFE0511CB7}"
EndProject
Project("{2150E333-8FDC-42A3-9474-1A3956D46DE8}") = "Tests", "Tests", "{61B37828-4706-4A2C-84BE-B02683E29C33}"
EndProject
Project("{FAE04EC0-301F-11D3-BF4B-00C04F79EFBC}") = "Application.UnitTests", "Application.UnitTests\Application.UnitTests.csproj", "{1D2A7E40-A77D-4B19-8AA5-E577029AC9C7}"
EndProject
Project("{FAE04EC0-301F-11D3-BF4B-00C04F79EFBC}") = "Infrastructure.UnitTests", "Infrastructure.UnitTests\Infrastructure.UnitTests.csproj", "{F366D1B3-B52E-4C8B-BAF2-A11A4BB818E1}"
EndProject
Global
	GlobalSection(SolutionConfigurationPlatforms) = preSolution
		Debug|Any CPU = Debug|Any CPU
		Release|Any CPU = Release|Any CPU
	EndGlobalSection
	GlobalSection(ProjectConfigurationPlatforms) = postSolution
		{EFDA06BF-71BD-4C1F-8257-3DB277E09A7B}.Debug|Any CPU.ActiveCfg = Debug|Any CPU
		{EFDA06BF-71BD-4C1F-8257-3DB277E09A7B}.Debug|Any CPU.Build.0 = Debug|Any CPU
		{EFDA06BF-71BD-4C1F-8257-3DB277E09A7B}.Debug|Any CPU.Deploy.0 = Debug|Any CPU
		{EFDA06BF-71BD-4C1F-8257-3DB277E09A7B}.Release|Any CPU.ActiveCfg = Release|Any CPU
		{EFDA06BF-71BD-4C1F-8257-3DB277E09A7B}.Release|Any CPU.Build.0 = Release|Any CPU
		{EFDA06BF-71BD-4C1F-8257-3DB277E09A7B}.Release|Any CPU.Deploy.0 = Release|Any CPU
		{6C27726D-5EFC-423D-A13B-FBAE16893EA5}.Debug|Any CPU.ActiveCfg = Debug|Any CPU
		{6C27726D-5EFC-423D-A13B-FBAE16893EA5}.Debug|Any CPU.Build.0 = Debug|Any CPU
		{6C27726D-5EFC-423D-A13B-FBAE16893EA5}.Release|Any CPU.ActiveCfg = Release|Any CPU
		{6C27726D-5EFC-423D-A13B-FBAE16893EA5}.Release|Any CPU.Build.0 = Release|Any CPU
		{AAF125D0-D1A7-4F02-98BE-4FAC1F4163FE}.Debug|Any CPU.ActiveCfg = Debug|Any CPU
		{AAF125D0-D1A7-4F02-98BE-4FAC1F4163FE}.Debug|Any CPU.Build.0 = Debug|Any CPU
		{AAF125D0-D1A7-4F02-98BE-4FAC1F4163FE}.Release|Any CPU.ActiveCfg = Release|Any CPU
		{AAF125D0-D1A7-4F02-98BE-4FAC1F4163FE}.Release|Any CPU.Build.0 = Release|Any CPU
		{018AF44A-DD2B-4DCA-AD91-4C29AFFD07D8}.Debug|Any CPU.ActiveCfg = Debug|Any CPU
		{018AF44A-DD2B-4DCA-AD91-4C29AFFD07D8}.Debug|Any CPU.Build.0 = Debug|Any CPU
		{018AF44A-DD2B-4DCA-AD91-4C29AFFD07D8}.Release|Any CPU.ActiveCfg = Release|Any CPU
		{018AF44A-DD2B-4DCA-AD91-4C29AFFD07D8}.Release|Any CPU.Build.0 = Release|Any CPU
		{5D03672D-E72B-4C43-BC14-89539341BAD6}.Debug|Any CPU.ActiveCfg = Debug|Any CPU
		{5D03672D-E72B-4C43-BC14-89539341BAD6}.Debug|Any CPU.Build.0 = Debug|Any CPU
		{5D03672D-E72B-4C43-BC14-89539341BAD6}.Release|Any CPU.ActiveCfg = Release|Any CPU
		{5D03672D-E72B-4C43-BC14-89539341BAD6}.Release|Any CPU.Build.0 = Release|Any CPU
		{1D2A7E40-A77D-4B19-8AA5-E577029AC9C7}.Debug|Any CPU.ActiveCfg = Debug|Any CPU
		{1D2A7E40-A77D-4B19-8AA5-E577029AC9C7}.Debug|Any CPU.Build.0 = Debug|Any CPU
		{1D2A7E40-A77D-4B19-8AA5-E577029AC9C7}.Release|Any CPU.ActiveCfg = Release|Any CPU
		{1D2A7E40-A77D-4B19-8AA5-E577029AC9C7}.Release|Any CPU.Build.0 = Release|Any CPU
		{F366D1B3-B52E-4C8B-BAF2-A11A4BB818E1}.Debug|Any CPU.ActiveCfg = Debug|Any CPU
		{F366D1B3-B52E-4C8B-BAF2-A11A4BB818E1}.Debug|Any CPU.Build.0 = Debug|Any CPU
		{F366D1B3-B52E-4C8B-BAF2-A11A4BB818E1}.Release|Any CPU.ActiveCfg = Release|Any CPU
		{F366D1B3-B52E-4C8B-BAF2-A11A4BB818E1}.Release|Any CPU.Build.0 = Release|Any CPU
	EndGlobalSection
	GlobalSection(SolutionProperties) = preSolution
		HideSolutionNode = FALSE
	EndGlobalSection
	GlobalSection(NestedProjects) = preSolution
		{EFDA06BF-71BD-4C1F-8257-3DB277E09A7B} = {CD2369F7-494F-4144-91A4-3FAFE0511CB7}
		{6C27726D-5EFC-423D-A13B-FBAE16893EA5} = {CD2369F7-494F-4144-91A4-3FAFE0511CB7}
		{AAF125D0-D1A7-4F02-98BE-4FAC1F4163FE} = {E869AFCA-4AC0-4B81-99B6-738E7BA25E64}
		{018AF44A-DD2B-4DCA-AD91-4C29AFFD07D8} = {E869AFCA-4AC0-4B81-99B6-738E7BA25E64}
		{5D03672D-E72B-4C43-BC14-89539341BAD6} = {E869AFCA-4AC0-4B81-99B6-738E7BA25E64}
		{CD2369F7-494F-4144-91A4-3FAFE0511CB7} = {E869AFCA-4AC0-4B81-99B6-738E7BA25E64}
		{1D2A7E40-A77D-4B19-8AA5-E577029AC9C7} = {61B37828-4706-4A2C-84BE-B02683E29C33}
		{F366D1B3-B52E-4C8B-BAF2-A11A4BB818E1} = {61B37828-4706-4A2C-84BE-B02683E29C33}
	EndGlobalSection
	GlobalSection(ExtensibilityGlobals) = postSolution
		SolutionGuid = {2B3A79E3-9EF2-4913-80DD-5A15E4A37DC3}
	EndGlobalSection
EndGlobal
